// !$*UTF8*$!
{
	archiveVersion = 1;
	classes = {
	};
	objectVersion = 46;
	objects = {

/* Begin PBXBuildFile section */
		381042231F85FD1300B1E61A /* SeparatorLine.swift in Sources */ = {isa = PBXBuildFile; fileRef = 381042221F85FD1300B1E61A /* SeparatorLine.swift */; };
		381042251F87F34900B1E61A /* InputStackView.swift in Sources */ = {isa = PBXBuildFile; fileRef = 381042241F87F34900B1E61A /* InputStackView.swift */; };
		381042271F87FDE500B1E61A /* AttachmentManagerDelegate.swift in Sources */ = {isa = PBXBuildFile; fileRef = 381042261F87FDE500B1E61A /* AttachmentManagerDelegate.swift */; };
		3821ADD920F5315400DE0D1D /* KeyboardNotification.swift in Sources */ = {isa = PBXBuildFile; fileRef = 3821ADD720F5315400DE0D1D /* KeyboardNotification.swift */; };
		3821ADDA20F5315400DE0D1D /* KeyboardManager.swift in Sources */ = {isa = PBXBuildFile; fileRef = 3821ADD820F5315400DE0D1D /* KeyboardManager.swift */; };
		3821ADDC20F531A600DE0D1D /* KeyboardEvent.swift in Sources */ = {isa = PBXBuildFile; fileRef = 3821ADDB20F531A600DE0D1D /* KeyboardEvent.swift */; };
		3821ADE820F54B3700DE0D1D /* NSMutableAttributedString+Extensions.swift in Sources */ = {isa = PBXBuildFile; fileRef = 3821ADE720F54B3700DE0D1D /* NSMutableAttributedString+Extensions.swift */; };
		38570138218651C400589A30 /* InputBarSendButton.swift in Sources */ = {isa = PBXBuildFile; fileRef = 38570137218651C400589A30 /* InputBarSendButton.swift */; };
		3876DA8B1F8352F200C89326 /* AutocompleteCell.swift in Sources */ = {isa = PBXBuildFile; fileRef = 3876DA8A1F8352F200C89326 /* AutocompleteCell.swift */; };
		3876DA901F83530900C89326 /* AutocompleteManagerDataSource.swift in Sources */ = {isa = PBXBuildFile; fileRef = 3876DA8E1F83530900C89326 /* AutocompleteManagerDataSource.swift */; };
		3876DA911F83530900C89326 /* AutocompleteManagerDelegate.swift in Sources */ = {isa = PBXBuildFile; fileRef = 3876DA8F1F83530900C89326 /* AutocompleteManagerDelegate.swift */; };
		3876DA921F83551400C89326 /* AutocompleteManager.swift in Sources */ = {isa = PBXBuildFile; fileRef = 3876DA8D1F83530200C89326 /* AutocompleteManager.swift */; };
		3876DAA91F84C0DB00C89326 /* AttachmentsView.swift in Sources */ = {isa = PBXBuildFile; fileRef = 3876DAA81F84C0DB00C89326 /* AttachmentsView.swift */; };
		3876DAAB1F84C22100C89326 /* AttachmentCell.swift in Sources */ = {isa = PBXBuildFile; fileRef = 3876DAAA1F84C22100C89326 /* AttachmentCell.swift */; };
		3876DAAD1F84C42800C89326 /* AttachmentManager.swift in Sources */ = {isa = PBXBuildFile; fileRef = 3876DAAC1F84C42800C89326 /* AttachmentManager.swift */; };
		3876DAB11F84D9DB00C89326 /* AutocompleteTableView.swift in Sources */ = {isa = PBXBuildFile; fileRef = 3876DAB01F84D9DA00C89326 /* AutocompleteTableView.swift */; };
		3877525D1F8834F0000E0AC5 /* ImageAttachmentCell.swift in Sources */ = {isa = PBXBuildFile; fileRef = 3877525C1F8834F0000E0AC5 /* ImageAttachmentCell.swift */; };
		387752601F884FF3000E0AC5 /* AttachmentManagerDataSource.swift in Sources */ = {isa = PBXBuildFile; fileRef = 3877525F1F884FF3000E0AC5 /* AttachmentManagerDataSource.swift */; };
		388B31D921EA9928000EEE45 /* String+Extensions.swift in Sources */ = {isa = PBXBuildFile; fileRef = 388B31D821EA9928000EEE45 /* String+Extensions.swift */; };
		3891276D1F980F0300702C05 /* InputItem.swift in Sources */ = {isa = PBXBuildFile; fileRef = 3891276C1F980F0300702C05 /* InputItem.swift */; };
		3892AEA4202E427F006AF939 /* UITextView+Extensions.swift in Sources */ = {isa = PBXBuildFile; fileRef = 3892AEA3202E427F006AF939 /* UITextView+Extensions.swift */; };
		389C571622C8557D00D78F87 /* HorizontalEdgePadding.swift in Sources */ = {isa = PBXBuildFile; fileRef = 389C571522C8557D00D78F87 /* HorizontalEdgePadding.swift */; };
		389C571822C855E900D78F87 /* InputPlugin.swift in Sources */ = {isa = PBXBuildFile; fileRef = 389C571722C855E900D78F87 /* InputPlugin.swift */; };
		38C501242148C76900246686 /* NSNotification+Extensions.swift in Sources */ = {isa = PBXBuildFile; fileRef = 38C501232148C76900246686 /* NSNotification+Extensions.swift */; };
		38C8677D1F50A6AD00811974 /* NSConstraintLayoutSet.swift in Sources */ = {isa = PBXBuildFile; fileRef = 38C867721F50A6AD00811974 /* NSConstraintLayoutSet.swift */; };
		38C8677E1F50A6AD00811974 /* UIView+AutoLayout.swift in Sources */ = {isa = PBXBuildFile; fileRef = 38C867731F50A6AD00811974 /* UIView+AutoLayout.swift */; };
		38C8677F1F50A6AD00811974 /* InputBarAccessoryViewDelegate.swift in Sources */ = {isa = PBXBuildFile; fileRef = 38C867751F50A6AD00811974 /* InputBarAccessoryViewDelegate.swift */; };
		38C867811F50A6AD00811974 /* InputBarAccessoryView-Bridging-Header.h in Headers */ = {isa = PBXBuildFile; fileRef = 38C867781F50A6AD00811974 /* InputBarAccessoryView-Bridging-Header.h */; };
		38C867821F50A6AD00811974 /* InputBarAccessoryView.swift in Sources */ = {isa = PBXBuildFile; fileRef = 38C8677A1F50A6AD00811974 /* InputBarAccessoryView.swift */; };
		38C867831F50A6AD00811974 /* InputBarButtonItem.swift in Sources */ = {isa = PBXBuildFile; fileRef = 38C8677B1F50A6AD00811974 /* InputBarButtonItem.swift */; };
		38C867841F50A6AD00811974 /* InputTextView.swift in Sources */ = {isa = PBXBuildFile; fileRef = 38C8677C1F50A6AD00811974 /* InputTextView.swift */; };
		38ECDBBD219B46D50076E154 /* InputBarViewController.swift in Sources */ = {isa = PBXBuildFile; fileRef = 38ECDBBC219B46D50076E154 /* InputBarViewController.swift */; };
		38F0C1F220C7807D00FF8DD3 /* AutocompleteSession.swift in Sources */ = {isa = PBXBuildFile; fileRef = 38F0C1F120C7807D00FF8DD3 /* AutocompleteSession.swift */; };
		38F0C1F420C7808F00FF8DD3 /* AutocompleteCompletion.swift in Sources */ = {isa = PBXBuildFile; fileRef = 38F0C1F320C7808F00FF8DD3 /* AutocompleteCompletion.swift */; };
		38F0C1FB20C8971500FF8DD3 /* InputBarAccessoryView+Availability.swift in Sources */ = {isa = PBXBuildFile; fileRef = 38F0C1FA20C8971500FF8DD3 /* InputBarAccessoryView+Availability.swift */; };
		8883235322D965A9008861FE /* InputBarMiddleContentView.swift in Sources */ = {isa = PBXBuildFile; fileRef = 8883235222D965A9008861FE /* InputBarMiddleContentView.swift */; };
/* End PBXBuildFile section */

/* Begin PBXFileReference section */
		381042221F85FD1300B1E61A /* SeparatorLine.swift */ = {isa = PBXFileReference; lastKnownFileType = sourcecode.swift; path = SeparatorLine.swift; sourceTree = "<group>"; };
		381042241F87F34900B1E61A /* InputStackView.swift */ = {isa = PBXFileReference; lastKnownFileType = sourcecode.swift; path = InputStackView.swift; sourceTree = "<group>"; };
		381042261F87FDE500B1E61A /* AttachmentManagerDelegate.swift */ = {isa = PBXFileReference; lastKnownFileType = sourcecode.swift; path = AttachmentManagerDelegate.swift; sourceTree = "<group>"; };
		3821ADD720F5315400DE0D1D /* KeyboardNotification.swift */ = {isa = PBXFileReference; fileEncoding = 4; lastKnownFileType = sourcecode.swift; path = KeyboardNotification.swift; sourceTree = "<group>"; };
		3821ADD820F5315400DE0D1D /* KeyboardManager.swift */ = {isa = PBXFileReference; fileEncoding = 4; lastKnownFileType = sourcecode.swift; path = KeyboardManager.swift; sourceTree = "<group>"; };
		3821ADDB20F531A600DE0D1D /* KeyboardEvent.swift */ = {isa = PBXFileReference; lastKnownFileType = sourcecode.swift; path = KeyboardEvent.swift; sourceTree = "<group>"; };
		3821ADE720F54B3700DE0D1D /* NSMutableAttributedString+Extensions.swift */ = {isa = PBXFileReference; fileEncoding = 4; lastKnownFileType = sourcecode.swift; path = "NSMutableAttributedString+Extensions.swift"; sourceTree = "<group>"; };
		383B83831F4787E200027965 /* InputBarAccessoryView.framework */ = {isa = PBXFileReference; explicitFileType = wrapper.framework; includeInIndex = 0; path = InputBarAccessoryView.framework; sourceTree = BUILT_PRODUCTS_DIR; };
		38447E1D22A31BE70002649D /* RxInputBarAccessoryView.swift */ = {isa = PBXFileReference; fileEncoding = 4; lastKnownFileType = sourcecode.swift; path = RxInputBarAccessoryView.swift; sourceTree = "<group>"; };
		38570137218651C400589A30 /* InputBarSendButton.swift */ = {isa = PBXFileReference; lastKnownFileType = sourcecode.swift; path = InputBarSendButton.swift; sourceTree = "<group>"; };
		3876DA8A1F8352F200C89326 /* AutocompleteCell.swift */ = {isa = PBXFileReference; lastKnownFileType = sourcecode.swift; path = AutocompleteCell.swift; sourceTree = "<group>"; };
		3876DA8D1F83530200C89326 /* AutocompleteManager.swift */ = {isa = PBXFileReference; lastKnownFileType = sourcecode.swift; path = AutocompleteManager.swift; sourceTree = "<group>"; };
		3876DA8E1F83530900C89326 /* AutocompleteManagerDataSource.swift */ = {isa = PBXFileReference; lastKnownFileType = sourcecode.swift; path = AutocompleteManagerDataSource.swift; sourceTree = "<group>"; };
		3876DA8F1F83530900C89326 /* AutocompleteManagerDelegate.swift */ = {isa = PBXFileReference; lastKnownFileType = sourcecode.swift; path = AutocompleteManagerDelegate.swift; sourceTree = "<group>"; };
		3876DAA81F84C0DB00C89326 /* AttachmentsView.swift */ = {isa = PBXFileReference; lastKnownFileType = sourcecode.swift; path = AttachmentsView.swift; sourceTree = "<group>"; };
		3876DAAA1F84C22100C89326 /* AttachmentCell.swift */ = {isa = PBXFileReference; lastKnownFileType = sourcecode.swift; path = AttachmentCell.swift; sourceTree = "<group>"; };
		3876DAAC1F84C42800C89326 /* AttachmentManager.swift */ = {isa = PBXFileReference; lastKnownFileType = sourcecode.swift; path = AttachmentManager.swift; sourceTree = "<group>"; };
		3876DAB01F84D9DA00C89326 /* AutocompleteTableView.swift */ = {isa = PBXFileReference; lastKnownFileType = sourcecode.swift; path = AutocompleteTableView.swift; sourceTree = "<group>"; };
		3877525C1F8834F0000E0AC5 /* ImageAttachmentCell.swift */ = {isa = PBXFileReference; lastKnownFileType = sourcecode.swift; path = ImageAttachmentCell.swift; sourceTree = "<group>"; };
		3877525F1F884FF3000E0AC5 /* AttachmentManagerDataSource.swift */ = {isa = PBXFileReference; lastKnownFileType = sourcecode.swift; path = AttachmentManagerDataSource.swift; sourceTree = "<group>"; };
		388B31D821EA9928000EEE45 /* String+Extensions.swift */ = {isa = PBXFileReference; fileEncoding = 4; lastKnownFileType = sourcecode.swift; path = "String+Extensions.swift"; sourceTree = "<group>"; };
		3891276C1F980F0300702C05 /* InputItem.swift */ = {isa = PBXFileReference; lastKnownFileType = sourcecode.swift; path = InputItem.swift; sourceTree = "<group>"; };
		3892AEA3202E427F006AF939 /* UITextView+Extensions.swift */ = {isa = PBXFileReference; lastKnownFileType = sourcecode.swift; path = "UITextView+Extensions.swift"; sourceTree = "<group>"; };
		389C571522C8557D00D78F87 /* HorizontalEdgePadding.swift */ = {isa = PBXFileReference; fileEncoding = 4; lastKnownFileType = sourcecode.swift; path = HorizontalEdgePadding.swift; sourceTree = "<group>"; };
		389C571722C855E900D78F87 /* InputPlugin.swift */ = {isa = PBXFileReference; fileEncoding = 4; lastKnownFileType = sourcecode.swift; path = InputPlugin.swift; sourceTree = "<group>"; };
		38C501232148C76900246686 /* NSNotification+Extensions.swift */ = {isa = PBXFileReference; fileEncoding = 4; lastKnownFileType = sourcecode.swift; path = "NSNotification+Extensions.swift"; sourceTree = "<group>"; };
		38C867721F50A6AD00811974 /* NSConstraintLayoutSet.swift */ = {isa = PBXFileReference; fileEncoding = 4; lastKnownFileType = sourcecode.swift; path = NSConstraintLayoutSet.swift; sourceTree = "<group>"; };
		38C867731F50A6AD00811974 /* UIView+AutoLayout.swift */ = {isa = PBXFileReference; fileEncoding = 4; lastKnownFileType = sourcecode.swift; path = "UIView+AutoLayout.swift"; sourceTree = "<group>"; };
		38C867751F50A6AD00811974 /* InputBarAccessoryViewDelegate.swift */ = {isa = PBXFileReference; fileEncoding = 4; lastKnownFileType = sourcecode.swift; path = InputBarAccessoryViewDelegate.swift; sourceTree = "<group>"; };
		38C867771F50A6AD00811974 /* Info.plist */ = {isa = PBXFileReference; fileEncoding = 4; lastKnownFileType = text.plist.xml; path = Info.plist; sourceTree = "<group>"; };
		38C867781F50A6AD00811974 /* InputBarAccessoryView-Bridging-Header.h */ = {isa = PBXFileReference; fileEncoding = 4; lastKnownFileType = sourcecode.c.h; path = "InputBarAccessoryView-Bridging-Header.h"; sourceTree = "<group>"; };
		38C8677A1F50A6AD00811974 /* InputBarAccessoryView.swift */ = {isa = PBXFileReference; fileEncoding = 4; lastKnownFileType = sourcecode.swift; path = InputBarAccessoryView.swift; sourceTree = "<group>"; };
		38C8677B1F50A6AD00811974 /* InputBarButtonItem.swift */ = {isa = PBXFileReference; fileEncoding = 4; lastKnownFileType = sourcecode.swift; path = InputBarButtonItem.swift; sourceTree = "<group>"; };
		38C8677C1F50A6AD00811974 /* InputTextView.swift */ = {isa = PBXFileReference; fileEncoding = 4; lastKnownFileType = sourcecode.swift; path = InputTextView.swift; sourceTree = "<group>"; };
		38ECDBBC219B46D50076E154 /* InputBarViewController.swift */ = {isa = PBXFileReference; lastKnownFileType = sourcecode.swift; path = InputBarViewController.swift; sourceTree = "<group>"; };
		38F0C1F120C7807D00FF8DD3 /* AutocompleteSession.swift */ = {isa = PBXFileReference; lastKnownFileType = sourcecode.swift; path = AutocompleteSession.swift; sourceTree = "<group>"; };
		38F0C1F320C7808F00FF8DD3 /* AutocompleteCompletion.swift */ = {isa = PBXFileReference; lastKnownFileType = sourcecode.swift; path = AutocompleteCompletion.swift; sourceTree = "<group>"; };
		38F0C1FA20C8971500FF8DD3 /* InputBarAccessoryView+Availability.swift */ = {isa = PBXFileReference; fileEncoding = 4; lastKnownFileType = sourcecode.swift; path = "InputBarAccessoryView+Availability.swift"; sourceTree = "<group>"; };
		8883235222D965A9008861FE /* InputBarMiddleContentView.swift */ = {isa = PBXFileReference; lastKnownFileType = sourcecode.swift; path = InputBarMiddleContentView.swift; sourceTree = "<group>"; };
/* End PBXFileReference section */

/* Begin PBXFrameworksBuildPhase section */
		383B837F1F4787E200027965 /* Frameworks */ = {
			isa = PBXFrameworksBuildPhase;
			buildActionMask = 2147483647;
			files = (
			);
			runOnlyForDeploymentPostprocessing = 0;
		};
/* End PBXFrameworksBuildPhase section */

/* Begin PBXGroup section */
		3821ADD620F5314800DE0D1D /* KeyboardManager */ = {
			isa = PBXGroup;
			children = (
				3821ADD820F5315400DE0D1D /* KeyboardManager.swift */,
				3821ADDB20F531A600DE0D1D /* KeyboardEvent.swift */,
				3821ADD720F5315400DE0D1D /* KeyboardNotification.swift */,
			);
			path = KeyboardManager;
			sourceTree = "<group>";
		};
		383B83791F4787E200027965 = {
			isa = PBXGroup;
			children = (
				38447E1C22A31BE70002649D /* RxInputBarAccessoryView */,
				38C867701F50A6AD00811974 /* Sources */,
				383B83841F4787E200027965 /* Products */,
			);
			sourceTree = "<group>";
		};
		383B83841F4787E200027965 /* Products */ = {
			isa = PBXGroup;
			children = (
				383B83831F4787E200027965 /* InputBarAccessoryView.framework */,
			);
			name = Products;
			sourceTree = "<group>";
		};
		38447E1C22A31BE70002649D /* RxInputBarAccessoryView */ = {
			isa = PBXGroup;
			children = (
				38447E1D22A31BE70002649D /* RxInputBarAccessoryView.swift */,
			);
			path = RxInputBarAccessoryView;
			sourceTree = "<group>";
		};
		3876DA8C1F8352F800C89326 /* Plugins */ = {
			isa = PBXGroup;
			children = (
				38F0C1ED20C7802300FF8DD3 /* AutocompleteManager */,
				38F0C1EE20C7802B00FF8DD3 /* AttachmentManager */,
			);
			path = Plugins;
			sourceTree = "<group>";
		};
		38C867701F50A6AD00811974 /* Sources */ = {
			isa = PBXGroup;
			children = (
				38C8677A1F50A6AD00811974 /* InputBarAccessoryView.swift */,
				38F0C1EB20C77F9900FF8DD3 /* Controls */,
				38C867711F50A6AD00811974 /* Extensions */,
				3821ADD620F5314800DE0D1D /* KeyboardManager */,
				38F0C1EC20C77FA000FF8DD3 /* Models */,
				3876DA8C1F8352F800C89326 /* Plugins */,
				38C867741F50A6AD00811974 /* Protocols */,
				38C867761F50A6AD00811974 /* Supporting Files */,
				38ECDBBB219B46B90076E154 /* ViewControllers */,
				38C867791F50A6AD00811974 /* Views */,
			);
			path = Sources;
			sourceTree = "<group>";
		};
		38C867711F50A6AD00811974 /* Extensions */ = {
			isa = PBXGroup;
			children = (
				3821ADE720F54B3700DE0D1D /* NSMutableAttributedString+Extensions.swift */,
				38C501232148C76900246686 /* NSNotification+Extensions.swift */,
				3892AEA3202E427F006AF939 /* UITextView+Extensions.swift */,
				388B31D821EA9928000EEE45 /* String+Extensions.swift */,
				38C867731F50A6AD00811974 /* UIView+AutoLayout.swift */,
			);
			path = Extensions;
			sourceTree = "<group>";
		};
		38C867741F50A6AD00811974 /* Protocols */ = {
			isa = PBXGroup;
			children = (
				38C867751F50A6AD00811974 /* InputBarAccessoryViewDelegate.swift */,
				389C571722C855E900D78F87 /* InputPlugin.swift */,
				3891276C1F980F0300702C05 /* InputItem.swift */,
			);
			path = Protocols;
			sourceTree = "<group>";
		};
		38C867761F50A6AD00811974 /* Supporting Files */ = {
			isa = PBXGroup;
			children = (
				38C867771F50A6AD00811974 /* Info.plist */,
				38F0C1FA20C8971500FF8DD3 /* InputBarAccessoryView+Availability.swift */,
				38C867781F50A6AD00811974 /* InputBarAccessoryView-Bridging-Header.h */,
			);
			path = "Supporting Files";
			sourceTree = "<group>";
		};
		38C867791F50A6AD00811974 /* Views */ = {
			isa = PBXGroup;
			children = (
				38C8677C1F50A6AD00811974 /* InputTextView.swift */,
				381042241F87F34900B1E61A /* InputStackView.swift */,
				381042221F85FD1300B1E61A /* SeparatorLine.swift */,
			);
			path = Views;
			sourceTree = "<group>";
		};
		38ECDBBB219B46B90076E154 /* ViewControllers */ = {
			isa = PBXGroup;
			children = (
				38ECDBBC219B46D50076E154 /* InputBarViewController.swift */,
			);
			path = ViewControllers;
			sourceTree = "<group>";
		};
		38F0C1EB20C77F9900FF8DD3 /* Controls */ = {
			isa = PBXGroup;
			children = (
				38C8677B1F50A6AD00811974 /* InputBarButtonItem.swift */,
				8883235222D965A9008861FE /* InputBarMiddleContentView.swift */,
				38570137218651C400589A30 /* InputBarSendButton.swift */,
			);
			path = Controls;
			sourceTree = "<group>";
		};
		38F0C1EC20C77FA000FF8DD3 /* Models */ = {
			isa = PBXGroup;
			children = (
				38C867721F50A6AD00811974 /* NSConstraintLayoutSet.swift */,
				389C571522C8557D00D78F87 /* HorizontalEdgePadding.swift */,
			);
			path = Models;
			sourceTree = "<group>";
		};
		38F0C1ED20C7802300FF8DD3 /* AutocompleteManager */ = {
			isa = PBXGroup;
			children = (
				3876DA8D1F83530200C89326 /* AutocompleteManager.swift */,
				38F0C1EF20C7804100FF8DD3 /* Views */,
				38F0C1F520C7809E00FF8DD3 /* Models */,
				38F0C1F620C780B000FF8DD3 /* Protocols */,
			);
			path = AutocompleteManager;
			sourceTree = "<group>";
		};
		38F0C1EE20C7802B00FF8DD3 /* AttachmentManager */ = {
			isa = PBXGroup;
			children = (
				3876DAAC1F84C42800C89326 /* AttachmentManager.swift */,
				38F0C1F020C7804600FF8DD3 /* Views */,
				38F0C1F720C780C600FF8DD3 /* Protocols */,
			);
			path = AttachmentManager;
			sourceTree = "<group>";
		};
		38F0C1EF20C7804100FF8DD3 /* Views */ = {
			isa = PBXGroup;
			children = (
				3876DAB01F84D9DA00C89326 /* AutocompleteTableView.swift */,
				3876DA8A1F8352F200C89326 /* AutocompleteCell.swift */,
			);
			path = Views;
			sourceTree = "<group>";
		};
		38F0C1F020C7804600FF8DD3 /* Views */ = {
			isa = PBXGroup;
			children = (
				3876DAA81F84C0DB00C89326 /* AttachmentsView.swift */,
				3876DAAA1F84C22100C89326 /* AttachmentCell.swift */,
				3877525C1F8834F0000E0AC5 /* ImageAttachmentCell.swift */,
			);
			path = Views;
			sourceTree = "<group>";
		};
		38F0C1F520C7809E00FF8DD3 /* Models */ = {
			isa = PBXGroup;
			children = (
				38F0C1F120C7807D00FF8DD3 /* AutocompleteSession.swift */,
				38F0C1F320C7808F00FF8DD3 /* AutocompleteCompletion.swift */,
			);
			path = Models;
			sourceTree = "<group>";
		};
		38F0C1F620C780B000FF8DD3 /* Protocols */ = {
			isa = PBXGroup;
			children = (
				3876DA8F1F83530900C89326 /* AutocompleteManagerDelegate.swift */,
				3876DA8E1F83530900C89326 /* AutocompleteManagerDataSource.swift */,
			);
			path = Protocols;
			sourceTree = "<group>";
		};
		38F0C1F720C780C600FF8DD3 /* Protocols */ = {
			isa = PBXGroup;
			children = (
				381042261F87FDE500B1E61A /* AttachmentManagerDelegate.swift */,
				3877525F1F884FF3000E0AC5 /* AttachmentManagerDataSource.swift */,
			);
			path = Protocols;
			sourceTree = "<group>";
		};
/* End PBXGroup section */

/* Begin PBXHeadersBuildPhase section */
		383B83801F4787E200027965 /* Headers */ = {
			isa = PBXHeadersBuildPhase;
			buildActionMask = 2147483647;
			files = (
				38C867811F50A6AD00811974 /* InputBarAccessoryView-Bridging-Header.h in Headers */,
			);
			runOnlyForDeploymentPostprocessing = 0;
		};
/* End PBXHeadersBuildPhase section */

/* Begin PBXNativeTarget section */
		383B83821F4787E200027965 /* InputBarAccessoryView */ = {
			isa = PBXNativeTarget;
			buildConfigurationList = 383B838B1F4787E200027965 /* Build configuration list for PBXNativeTarget "InputBarAccessoryView" */;
			buildPhases = (
				383B837E1F4787E200027965 /* Sources */,
				383B837F1F4787E200027965 /* Frameworks */,
				383B83801F4787E200027965 /* Headers */,
				383B83811F4787E200027965 /* Resources */,
			);
			buildRules = (
			);
			dependencies = (
			);
			name = InputBarAccessoryView;
			productName = NTInputAccessoryView;
			productReference = 383B83831F4787E200027965 /* InputBarAccessoryView.framework */;
			productType = "com.apple.product-type.framework";
		};
/* End PBXNativeTarget section */

/* Begin PBXProject section */
		383B837A1F4787E200027965 /* Project object */ = {
			isa = PBXProject;
			attributes = {
				LastUpgradeCheck = 1020;
				ORGANIZATIONNAME = "Nathan Tannar";
				TargetAttributes = {
					383B83821F4787E200027965 = {
						CreatedOnToolsVersion = 8.3.3;
						DevelopmentTeam = 9EUCWD26TP;
						LastSwiftMigration = 0900;
						ProvisioningStyle = Automatic;
					};
				};
			};
			buildConfigurationList = 383B837D1F4787E200027965 /* Build configuration list for PBXProject "InputBarAccessoryView" */;
			compatibilityVersion = "Xcode 3.2";
			developmentRegion = en;
			hasScannedForEncodings = 0;
			knownRegions = (
				en,
				Base,
			);
			mainGroup = 383B83791F4787E200027965;
			productRefGroup = 383B83841F4787E200027965 /* Products */;
			projectDirPath = "";
			projectRoot = "";
			targets = (
				383B83821F4787E200027965 /* InputBarAccessoryView */,
			);
		};
/* End PBXProject section */

/* Begin PBXResourcesBuildPhase section */
		383B83811F4787E200027965 /* Resources */ = {
			isa = PBXResourcesBuildPhase;
			buildActionMask = 2147483647;
			files = (
			);
			runOnlyForDeploymentPostprocessing = 0;
		};
/* End PBXResourcesBuildPhase section */

/* Begin PBXSourcesBuildPhase section */
		383B837E1F4787E200027965 /* Sources */ = {
			isa = PBXSourcesBuildPhase;
			buildActionMask = 2147483647;
			files = (
				387752601F884FF3000E0AC5 /* AttachmentManagerDataSource.swift in Sources */,
				3821ADDC20F531A600DE0D1D /* KeyboardEvent.swift in Sources */,
				3876DA921F83551400C89326 /* AutocompleteManager.swift in Sources */,
				38ECDBBD219B46D50076E154 /* InputBarViewController.swift in Sources */,
				38C867841F50A6AD00811974 /* InputTextView.swift in Sources */,
				389C571822C855E900D78F87 /* InputPlugin.swift in Sources */,
				3876DA901F83530900C89326 /* AutocompleteManagerDataSource.swift in Sources */,
				3876DAA91F84C0DB00C89326 /* AttachmentsView.swift in Sources */,
				38F0C1F220C7807D00FF8DD3 /* AutocompleteSession.swift in Sources */,
				3892AEA4202E427F006AF939 /* UITextView+Extensions.swift in Sources */,
				3891276D1F980F0300702C05 /* InputItem.swift in Sources */,
				38C8677D1F50A6AD00811974 /* NSConstraintLayoutSet.swift in Sources */,
				38C8677F1F50A6AD00811974 /* InputBarAccessoryViewDelegate.swift in Sources */,
				38F0C1F420C7808F00FF8DD3 /* AutocompleteCompletion.swift in Sources */,
				3876DA8B1F8352F200C89326 /* AutocompleteCell.swift in Sources */,
				389C571622C8557D00D78F87 /* HorizontalEdgePadding.swift in Sources */,
				388B31D921EA9928000EEE45 /* String+Extensions.swift in Sources */,
				3876DAAB1F84C22100C89326 /* AttachmentCell.swift in Sources */,
				3821ADE820F54B3700DE0D1D /* NSMutableAttributedString+Extensions.swift in Sources */,
				38C867821F50A6AD00811974 /* InputBarAccessoryView.swift in Sources */,
				38570138218651C400589A30 /* InputBarSendButton.swift in Sources */,
				3876DAB11F84D9DB00C89326 /* AutocompleteTableView.swift in Sources */,
				381042271F87FDE500B1E61A /* AttachmentManagerDelegate.swift in Sources */,
				3876DAAD1F84C42800C89326 /* AttachmentManager.swift in Sources */,
				38F0C1FB20C8971500FF8DD3 /* InputBarAccessoryView+Availability.swift in Sources */,
				381042251F87F34900B1E61A /* InputStackView.swift in Sources */,
				38C8677E1F50A6AD00811974 /* UIView+AutoLayout.swift in Sources */,
				3877525D1F8834F0000E0AC5 /* ImageAttachmentCell.swift in Sources */,
				381042231F85FD1300B1E61A /* SeparatorLine.swift in Sources */,
				38C867831F50A6AD00811974 /* InputBarButtonItem.swift in Sources */,
				3821ADD920F5315400DE0D1D /* KeyboardNotification.swift in Sources */,
				8883235322D965A9008861FE /* InputBarMiddleContentView.swift in Sources */,
				38C501242148C76900246686 /* NSNotification+Extensions.swift in Sources */,
				3876DA911F83530900C89326 /* AutocompleteManagerDelegate.swift in Sources */,
				3821ADDA20F5315400DE0D1D /* KeyboardManager.swift in Sources */,
			);
			runOnlyForDeploymentPostprocessing = 0;
		};
/* End PBXSourcesBuildPhase section */

/* Begin XCBuildConfiguration section */
		383B83891F4787E200027965 /* Debug */ = {
			isa = XCBuildConfiguration;
			buildSettings = {
				ALWAYS_SEARCH_USER_PATHS = NO;
				CLANG_ANALYZER_LOCALIZABILITY_NONLOCALIZED = YES;
				CLANG_ANALYZER_NONNULL = YES;
				CLANG_ANALYZER_NUMBER_OBJECT_CONVERSION = YES_AGGRESSIVE;
				CLANG_CXX_LANGUAGE_STANDARD = "gnu++0x";
				CLANG_CXX_LIBRARY = "libc++";
				CLANG_ENABLE_MODULES = YES;
				CLANG_ENABLE_OBJC_ARC = YES;
				CLANG_WARN_BLOCK_CAPTURE_AUTORELEASING = YES;
				CLANG_WARN_BOOL_CONVERSION = YES;
				CLANG_WARN_COMMA = YES;
				CLANG_WARN_CONSTANT_CONVERSION = YES;
				CLANG_WARN_DEPRECATED_OBJC_IMPLEMENTATIONS = YES;
				CLANG_WARN_DIRECT_OBJC_ISA_USAGE = YES_ERROR;
				CLANG_WARN_DOCUMENTATION_COMMENTS = YES;
				CLANG_WARN_EMPTY_BODY = YES;
				CLANG_WARN_ENUM_CONVERSION = YES;
				CLANG_WARN_INFINITE_RECURSION = YES;
				CLANG_WARN_INT_CONVERSION = YES;
				CLANG_WARN_NON_LITERAL_NULL_CONVERSION = YES;
				CLANG_WARN_OBJC_IMPLICIT_RETAIN_SELF = YES;
				CLANG_WARN_OBJC_LITERAL_CONVERSION = YES;
				CLANG_WARN_OBJC_ROOT_CLASS = YES_ERROR;
				CLANG_WARN_RANGE_LOOP_ANALYSIS = YES;
				CLANG_WARN_STRICT_PROTOTYPES = YES;
				CLANG_WARN_SUSPICIOUS_MOVE = YES;
				CLANG_WARN_UNREACHABLE_CODE = YES;
				CLANG_WARN__DUPLICATE_METHOD_MATCH = YES;
				"CODE_SIGN_IDENTITY[sdk=iphoneos*]" = "iPhone Developer";
				COPY_PHASE_STRIP = NO;
				CURRENT_PROJECT_VERSION = 1;
				DEBUG_INFORMATION_FORMAT = dwarf;
				ENABLE_STRICT_OBJC_MSGSEND = YES;
				ENABLE_TESTABILITY = YES;
				GCC_C_LANGUAGE_STANDARD = gnu99;
				GCC_DYNAMIC_NO_PIC = NO;
				GCC_NO_COMMON_BLOCKS = YES;
				GCC_OPTIMIZATION_LEVEL = 0;
				GCC_PREPROCESSOR_DEFINITIONS = (
					"DEBUG=1",
					"$(inherited)",
				);
				GCC_WARN_64_TO_32_BIT_CONVERSION = YES;
				GCC_WARN_ABOUT_RETURN_TYPE = YES_ERROR;
				GCC_WARN_UNDECLARED_SELECTOR = YES;
				GCC_WARN_UNINITIALIZED_AUTOS = YES_AGGRESSIVE;
				GCC_WARN_UNUSED_FUNCTION = YES;
				GCC_WARN_UNUSED_VARIABLE = YES;
				IPHONEOS_DEPLOYMENT_TARGET = 10.3;
				MTL_ENABLE_DEBUG_INFO = YES;
				ONLY_ACTIVE_ARCH = YES;
				SDKROOT = iphoneos;
				SWIFT_ACTIVE_COMPILATION_CONDITIONS = DEBUG;
				SWIFT_OPTIMIZATION_LEVEL = "-Onone";
				SWIFT_VERSION = 5.0;
				TARGETED_DEVICE_FAMILY = "1,2";
				VERSIONING_SYSTEM = "apple-generic";
				VERSION_INFO_PREFIX = "";
			};
			name = Debug;
		};
		383B838A1F4787E200027965 /* Release */ = {
			isa = XCBuildConfiguration;
			buildSettings = {
				ALWAYS_SEARCH_USER_PATHS = NO;
				CLANG_ANALYZER_LOCALIZABILITY_NONLOCALIZED = YES;
				CLANG_ANALYZER_NONNULL = YES;
				CLANG_ANALYZER_NUMBER_OBJECT_CONVERSION = YES_AGGRESSIVE;
				CLANG_CXX_LANGUAGE_STANDARD = "gnu++0x";
				CLANG_CXX_LIBRARY = "libc++";
				CLANG_ENABLE_MODULES = YES;
				CLANG_ENABLE_OBJC_ARC = YES;
				CLANG_WARN_BLOCK_CAPTURE_AUTORELEASING = YES;
				CLANG_WARN_BOOL_CONVERSION = YES;
				CLANG_WARN_COMMA = YES;
				CLANG_WARN_CONSTANT_CONVERSION = YES;
				CLANG_WARN_DEPRECATED_OBJC_IMPLEMENTATIONS = YES;
				CLANG_WARN_DIRECT_OBJC_ISA_USAGE = YES_ERROR;
				CLANG_WARN_DOCUMENTATION_COMMENTS = YES;
				CLANG_WARN_EMPTY_BODY = YES;
				CLANG_WARN_ENUM_CONVERSION = YES;
				CLANG_WARN_INFINITE_RECURSION = YES;
				CLANG_WARN_INT_CONVERSION = YES;
				CLANG_WARN_NON_LITERAL_NULL_CONVERSION = YES;
				CLANG_WARN_OBJC_IMPLICIT_RETAIN_SELF = YES;
				CLANG_WARN_OBJC_LITERAL_CONVERSION = YES;
				CLANG_WARN_OBJC_ROOT_CLASS = YES_ERROR;
				CLANG_WARN_RANGE_LOOP_ANALYSIS = YES;
				CLANG_WARN_STRICT_PROTOTYPES = YES;
				CLANG_WARN_SUSPICIOUS_MOVE = YES;
				CLANG_WARN_UNREACHABLE_CODE = YES;
				CLANG_WARN__DUPLICATE_METHOD_MATCH = YES;
				"CODE_SIGN_IDENTITY[sdk=iphoneos*]" = "iPhone Developer";
				COPY_PHASE_STRIP = NO;
				CURRENT_PROJECT_VERSION = 1;
				DEBUG_INFORMATION_FORMAT = "dwarf-with-dsym";
				ENABLE_NS_ASSERTIONS = NO;
				ENABLE_STRICT_OBJC_MSGSEND = YES;
				GCC_C_LANGUAGE_STANDARD = gnu99;
				GCC_NO_COMMON_BLOCKS = YES;
				GCC_WARN_64_TO_32_BIT_CONVERSION = YES;
				GCC_WARN_ABOUT_RETURN_TYPE = YES_ERROR;
				GCC_WARN_UNDECLARED_SELECTOR = YES;
				GCC_WARN_UNINITIALIZED_AUTOS = YES_AGGRESSIVE;
				GCC_WARN_UNUSED_FUNCTION = YES;
				GCC_WARN_UNUSED_VARIABLE = YES;
				IPHONEOS_DEPLOYMENT_TARGET = 10.3;
				MTL_ENABLE_DEBUG_INFO = NO;
				SDKROOT = iphoneos;
				SWIFT_OPTIMIZATION_LEVEL = "-Owholemodule";
				SWIFT_VERSION = 5.0;
				TARGETED_DEVICE_FAMILY = "1,2";
				VALIDATE_PRODUCT = YES;
				VERSIONING_SYSTEM = "apple-generic";
				VERSION_INFO_PREFIX = "";
			};
			name = Release;
		};
		383B838C1F4787E200027965 /* Debug */ = {
			isa = XCBuildConfiguration;
			buildSettings = {
				CLANG_ENABLE_MODULES = YES;
				CODE_SIGN_IDENTITY = "";
				DEFINES_MODULE = YES;
				DEVELOPMENT_TEAM = 9EUCWD26TP;
				DYLIB_COMPATIBILITY_VERSION = 1;
				DYLIB_CURRENT_VERSION = 1;
				DYLIB_INSTALL_NAME_BASE = "@rpath";
				INFOPLIST_FILE = "$(SRCROOT)/Sources/Supporting Files/Info.plist";
				INSTALL_PATH = "$(LOCAL_LIBRARY_DIR)/Frameworks";
				IPHONEOS_DEPLOYMENT_TARGET = 9.0;
				LD_RUNPATH_SEARCH_PATHS = "$(inherited) @executable_path/Frameworks @loader_path/Frameworks";
				PRODUCT_BUNDLE_IDENTIFIER = me.nathantannar.InputBarAccessoryView;
				PRODUCT_NAME = "$(TARGET_NAME)";
				SKIP_INSTALL = YES;
				SWIFT_OPTIMIZATION_LEVEL = "-Onone";
				SWIFT_SWIFT3_OBJC_INFERENCE = Default;
				SWIFT_VERSION = 5.0;
			};
			name = Debug;
		};
		383B838D1F4787E200027965 /* Release */ = {
			isa = XCBuildConfiguration;
			buildSettings = {
				CLANG_ENABLE_MODULES = YES;
				CODE_SIGN_IDENTITY = "";
				DEFINES_MODULE = YES;
				DEVELOPMENT_TEAM = 9EUCWD26TP;
				DYLIB_COMPATIBILITY_VERSION = 1;
				DYLIB_CURRENT_VERSION = 1;
				DYLIB_INSTALL_NAME_BASE = "@rpath";
				INFOPLIST_FILE = "$(SRCROOT)/Sources/Supporting Files/Info.plist";
				INSTALL_PATH = "$(LOCAL_LIBRARY_DIR)/Frameworks";
				IPHONEOS_DEPLOYMENT_TARGET = 9.0;
				LD_RUNPATH_SEARCH_PATHS = "$(inherited) @executable_path/Frameworks @loader_path/Frameworks";
				PRODUCT_BUNDLE_IDENTIFIER = me.nathantannar.InputBarAccessoryView;
				PRODUCT_NAME = "$(TARGET_NAME)";
				SKIP_INSTALL = YES;
				SWIFT_SWIFT3_OBJC_INFERENCE = Default;
				SWIFT_VERSION = 5.0;
			};
			name = Release;
		};
/* End XCBuildConfiguration section */

/* Begin XCConfigurationList section */
		383B837D1F4787E200027965 /* Build configuration list for PBXProject "InputBarAccessoryView" */ = {
			isa = XCConfigurationList;
			buildConfigurations = (
				383B83891F4787E200027965 /* Debug */,
				383B838A1F4787E200027965 /* Release */,
			);
			defaultConfigurationIsVisible = 0;
			defaultConfigurationName = Release;
		};
		383B838B1F4787E200027965 /* Build configuration list for PBXNativeTarget "InputBarAccessoryView" */ = {
			isa = XCConfigurationList;
			buildConfigurations = (
				383B838C1F4787E200027965 /* Debug */,
				383B838D1F4787E200027965 /* Release */,
			);
			defaultConfigurationIsVisible = 0;
			defaultConfigurationName = Release;
		};
/* End XCConfigurationList section */
	};
	rootObject = 383B837A1F4787E200027965 /* Project object */;
}
